
Microsoft Visual Studio Solution File, Format Version 12.00
# Visual Studio 15
VisualStudioVersion = 15.0.27004.2008
MinimumVisualStudioVersion = 10.0.40219.1
Project("{FAE04EC0-301F-11D3-BF4B-00C04F79EFBC}") = "01-HelloWorld", "01-HelloWorld\01-HelloWorld.csproj", "{64BD7A61-E231-4E42-A2CB-D31EE4ECB487}"
EndProject
Project("{FAE04EC0-301F-11D3-BF4B-00C04F79EFBC}") = "02-PrintText", "02-PrintText\02-PrintText.csproj", "{C35438A8-68CF-4B56-A1A5-59B6BC051A91}"
EndProject
Project("{FAE04EC0-301F-11D3-BF4B-00C04F79EFBC}") = "03-InputText", "03-InputText\03-InputText.csproj", "{31D85DE7-3971-4EFA-8DE6-8B463CE6607C}"
EndProject
Project("{FAE04EC0-301F-11D3-BF4B-00C04F79EFBC}") = "04-Calculator", "04-Calculator\04-Calculator.csproj", "{27E52D33-D479-4D06-B74A-40B997C0503B}"
EndProject
Project("{FAE04EC0-301F-11D3-BF4B-00C04F79EFBC}") = "05-IfElse", "05-IfElse\05-IfElse.csproj", "{A6A1B5AC-616C-4303-9F50-6D7BC4AB13D6}"
EndProject
Project("{FAE04EC0-301F-11D3-BF4B-00C04F79EFBC}") = "06-IfElseRandom", "06-IfElseRandom\06-IfElseRandom.csproj", "{8DE87003-C232-4209-8EF9-A6ADB0D82A49}"
EndProject
Project("{FAE04EC0-301F-11D3-BF4B-00C04F79EFBC}") = "07-ArraysFor", "07-Arrays\07-ArraysFor.csproj", "{322253E9-E55D-4CDF-8EF9-239D396F2C3B}"
EndProject
Project("{FAE04EC0-301F-11D3-BF4B-00C04F79EFBC}") = "08-ArraysForeach", "08-ArraysForeach\08-ArraysForeach.csproj", "{C089D378-8BA2-44B1-8A92-A5082500579B}"
EndProject
Project("{FAE04EC0-301F-11D3-BF4B-00C04F79EFBC}") = "09-multiplicationTable", "09-multiplicationTable\09-multiplicationTable.csproj", "{EE21FDF9-7C87-448C-A74B-98C083CB919A}"
EndProject
Global
	GlobalSection(SolutionConfigurationPlatforms) = preSolution
		Debug|Any CPU = Debug|Any CPU
		Release|Any CPU = Release|Any CPU
	EndGlobalSection
	GlobalSection(ProjectConfigurationPlatforms) = postSolution
		{64BD7A61-E231-4E42-A2CB-D31EE4ECB487}.Debug|Any CPU.ActiveCfg = Debug|Any CPU
		{64BD7A61-E231-4E42-A2CB-D31EE4ECB487}.Debug|Any CPU.Build.0 = Debug|Any CPU
		{64BD7A61-E231-4E42-A2CB-D31EE4ECB487}.Release|Any CPU.ActiveCfg = Release|Any CPU
		{64BD7A61-E231-4E42-A2CB-D31EE4ECB487}.Release|Any CPU.Build.0 = Release|Any CPU
		{C35438A8-68CF-4B56-A1A5-59B6BC051A91}.Debug|Any CPU.ActiveCfg = Debug|Any CPU
		{C35438A8-68CF-4B56-A1A5-59B6BC051A91}.Debug|Any CPU.Build.0 = Debug|Any CPU
		{C35438A8-68CF-4B56-A1A5-59B6BC051A91}.Release|Any CPU.ActiveCfg = Release|Any CPU
		{C35438A8-68CF-4B56-A1A5-59B6BC051A91}.Release|Any CPU.Build.0 = Release|Any CPU
		{31D85DE7-3971-4EFA-8DE6-8B463CE6607C}.Debug|Any CPU.ActiveCfg = Debug|Any CPU
		{31D85DE7-3971-4EFA-8DE6-8B463CE6607C}.Debug|Any CPU.Build.0 = Debug|Any CPU
		{31D85DE7-3971-4EFA-8DE6-8B463CE6607C}.Release|Any CPU.ActiveCfg = Release|Any CPU
		{31D85DE7-3971-4EFA-8DE6-8B463CE6607C}.Release|Any CPU.Build.0 = Release|Any CPU
		{27E52D33-D479-4D06-B74A-40B997C0503B}.Debug|Any CPU.ActiveCfg = Debug|Any CPU
		{27E52D33-D479-4D06-B74A-40B997C0503B}.Debug|Any CPU.Build.0 = Debug|Any CPU
		{27E52D33-D479-4D06-B74A-40B997C0503B}.Release|Any CPU.ActiveCfg = Release|Any CPU
		{27E52D33-D479-4D06-B74A-40B997C0503B}.Release|Any CPU.Build.0 = Release|Any CPU
		{A6A1B5AC-616C-4303-9F50-6D7BC4AB13D6}.Debug|Any CPU.ActiveCfg = Debug|Any CPU
		{A6A1B5AC-616C-4303-9F50-6D7BC4AB13D6}.Debug|Any CPU.Build.0 = Debug|Any CPU
		{A6A1B5AC-616C-4303-9F50-6D7BC4AB13D6}.Release|Any CPU.ActiveCfg = Release|Any CPU
		{A6A1B5AC-616C-4303-9F50-6D7BC4AB13D6}.Release|Any CPU.Build.0 = Release|Any CPU
		{8DE87003-C232-4209-8EF9-A6ADB0D82A49}.Debug|Any CPU.ActiveCfg = Debug|Any CPU
		{8DE87003-C232-4209-8EF9-A6ADB0D82A49}.Debug|Any CPU.Build.0 = Debug|Any CPU
		{8DE87003-C232-4209-8EF9-A6ADB0D82A49}.Release|Any CPU.ActiveCfg = Release|Any CPU
		{8DE87003-C232-4209-8EF9-A6ADB0D82A49}.Release|Any CPU.Build.0 = Release|Any CPU
		{322253E9-E55D-4CDF-8EF9-239D396F2C3B}.Debug|Any CPU.ActiveCfg = Debug|Any CPU
		{322253E9-E55D-4CDF-8EF9-239D396F2C3B}.Debug|Any CPU.Build.0 = Debug|Any CPU
		{322253E9-E55D-4CDF-8EF9-239D396F2C3B}.Release|Any CPU.ActiveCfg = Release|Any CPU
		{322253E9-E55D-4CDF-8EF9-239D396F2C3B}.Release|Any CPU.Build.0 = Release|Any CPU
		{C089D378-8BA2-44B1-8A92-A5082500579B}.Debug|Any CPU.ActiveCfg = Debug|Any CPU
		{C089D378-8BA2-44B1-8A92-A5082500579B}.Debug|Any CPU.Build.0 = Debug|Any CPU
		{C089D378-8BA2-44B1-8A92-A5082500579B}.Release|Any CPU.ActiveCfg = Release|Any CPU
		{C089D378-8BA2-44B1-8A92-A5082500579B}.Release|Any CPU.Build.0 = Release|Any CPU
		{EE21FDF9-7C87-448C-A74B-98C083CB919A}.Debug|Any CPU.ActiveCfg = Debug|Any CPU
		{EE21FDF9-7C87-448C-A74B-98C083CB919A}.Debug|Any CPU.Build.0 = Debug|Any CPU
		{EE21FDF9-7C87-448C-A74B-98C083CB919A}.Release|Any CPU.ActiveCfg = Release|Any CPU
		{EE21FDF9-7C87-448C-A74B-98C083CB919A}.Release|Any CPU.Build.0 = Release|Any CPU
	EndGlobalSection
	GlobalSection(SolutionProperties) = preSolution
		HideSolutionNode = FALSE
	EndGlobalSection
	GlobalSection(ExtensibilityGlobals) = postSolution
		SolutionGuid = {EF22BF31-0365-4C9A-B3A9-4DF31D44F73A}
	EndGlobalSection
EndGlobal
