
Microsoft Visual Studio Solution File, Format Version 12.00
# Visual Studio 15
VisualStudioVersion = 15.0.27004.2005
MinimumVisualStudioVersion = 10.0.40219.1
Project("{FAE04EC0-301F-11D3-BF4B-00C04F79EFBC}") = "05-graded-assignment", "05-graded-assignment\05-graded-assignment.csproj", "{A76AFF4B-D90A-456A-B203-12868EA832D1}"
EndProject
Global
	GlobalSection(SolutionConfigurationPlatforms) = preSolution
		Debug|Any CPU = Debug|Any CPU
		Release|Any CPU = Release|Any CPU
	EndGlobalSection
	GlobalSection(ProjectConfigurationPlatforms) = postSolution
		{A76AFF4B-D90A-456A-B203-12868EA832D1}.Debug|Any CPU.ActiveCfg = Debug|Any CPU
		{A76AFF4B-D90A-456A-B203-12868EA832D1}.Debug|Any CPU.Build.0 = Debug|Any CPU
		{A76AFF4B-D90A-456A-B203-12868EA832D1}.Release|Any CPU.ActiveCfg = Release|Any CPU
		{A76AFF4B-D90A-456A-B203-12868EA832D1}.Release|Any CPU.Build.0 = Release|Any CPU
	EndGlobalSection
	GlobalSection(SolutionProperties) = preSolution
		HideSolutionNode = FALSE
	EndGlobalSection
	GlobalSection(ExtensibilityGlobals) = postSolution
		SolutionGuid = {AD41B6DD-B4E3-4973-BE4F-400BF85B28C0}
	EndGlobalSection
EndGlobal
