
Microsoft Visual Studio Solution File, Format Version 12.00
# Visual Studio 15
VisualStudioVersion = 15.0.27004.2008
MinimumVisualStudioVersion = 10.0.40219.1
Project("{2150E333-8FDC-42A3-9474-1A3956D46DE8}") = "DiceRoller", "DiceRoller", "{8BC4212C-8671-414B-9D61-C8DCE04360EB}"
EndProject
Project("{FAE04EC0-301F-11D3-BF4B-00C04F79EFBC}") = "DiceRoller", "DiceRoller\DiceRoller.csproj", "{7C97BE8E-A315-4A41-ADAF-F518DA2A6E9A}"
EndProject
Global
	GlobalSection(SolutionConfigurationPlatforms) = preSolution
		Debug|Any CPU = Debug|Any CPU
		Release|Any CPU = Release|Any CPU
	EndGlobalSection
	GlobalSection(ProjectConfigurationPlatforms) = postSolution
		{7C97BE8E-A315-4A41-ADAF-F518DA2A6E9A}.Debug|Any CPU.ActiveCfg = Debug|Any CPU
		{7C97BE8E-A315-4A41-ADAF-F518DA2A6E9A}.Debug|Any CPU.Build.0 = Debug|Any CPU
		{7C97BE8E-A315-4A41-ADAF-F518DA2A6E9A}.Release|Any CPU.ActiveCfg = Release|Any CPU
		{7C97BE8E-A315-4A41-ADAF-F518DA2A6E9A}.Release|Any CPU.Build.0 = Release|Any CPU
	EndGlobalSection
	GlobalSection(SolutionProperties) = preSolution
		HideSolutionNode = FALSE
	EndGlobalSection
	GlobalSection(NestedProjects) = preSolution
		{7C97BE8E-A315-4A41-ADAF-F518DA2A6E9A} = {8BC4212C-8671-414B-9D61-C8DCE04360EB}
	EndGlobalSection
	GlobalSection(ExtensibilityGlobals) = postSolution
		SolutionGuid = {F2358340-B05D-40E6-AC7B-98C78A7B69F5}
	EndGlobalSection
EndGlobal
